
Microsoft Visual Studio Solution File, Format Version 12.00
# Visual Studio Version 17
VisualStudioVersion = 17.3.32929.385
MinimumVisualStudioVersion = 10.0.40219.1
Project("{FAE04EC0-301F-11D3-BF4B-00C04F79EFBC}") = "Classroom-API", "Classroom-API\Classroom-API.csproj", "{265DB09B-A69A-4144-A0D3-267741B7A03D}"
EndProject
Global
	GlobalSection(SolutionConfigurationPlatforms) = preSolution
		Debug|Any CPU = Debug|Any CPU
		Release|Any CPU = Release|Any CPU
	EndGlobalSection
	GlobalSection(ProjectConfigurationPlatforms) = postSolution
		{265DB09B-A69A-4144-A0D3-267741B7A03D}.Debug|Any CPU.ActiveCfg = Debug|Any CPU
		{265DB09B-A69A-4144-A0D3-267741B7A03D}.Debug|Any CPU.Build.0 = Debug|Any CPU
		{265DB09B-A69A-4144-A0D3-267741B7A03D}.Release|Any CPU.ActiveCfg = Release|Any CPU
		{265DB09B-A69A-4144-A0D3-267741B7A03D}.Release|Any CPU.Build.0 = Release|Any CPU
	EndGlobalSection
	GlobalSection(SolutionProperties) = preSolution
		HideSolutionNode = FALSE
	EndGlobalSection
	GlobalSection(ExtensibilityGlobals) = postSolution
		SolutionGuid = {FD89B2CF-5C4B-44CA-B14D-FCA6C8F0A694}
	EndGlobalSection
EndGlobal
